
Microsoft Visual Studio Solution File, Format Version 12.00
# Visual Studio Version 17
VisualStudioVersion = 17.14.36603.0 d17.14
MinimumVisualStudioVersion = 10.0.40219.1
Project("{FAE04EC0-301F-11D3-BF4B-00C04F79EFBC}") = "CSharpEgitimKampi501", "CSharpEgitimKampi501.csproj", "{5407AF00-50C2-4B3D-8CD0-A03F97DBF229}"
EndProject
Global
	GlobalSection(SolutionConfigurationPlatforms) = preSolution
		Debug|Any CPU = Debug|Any CPU
		Release|Any CPU = Release|Any CPU
	EndGlobalSection
	GlobalSection(ProjectConfigurationPlatforms) = postSolution
		{5407AF00-50C2-4B3D-8CD0-A03F97DBF229}.Debug|Any CPU.ActiveCfg = Debug|Any CPU
		{5407AF00-50C2-4B3D-8CD0-A03F97DBF229}.Debug|Any CPU.Build.0 = Debug|Any CPU
		{5407AF00-50C2-4B3D-8CD0-A03F97DBF229}.Release|Any CPU.ActiveCfg = Release|Any CPU
		{5407AF00-50C2-4B3D-8CD0-A03F97DBF229}.Release|Any CPU.Build.0 = Release|Any CPU
	EndGlobalSection
	GlobalSection(SolutionProperties) = preSolution
		HideSolutionNode = FALSE
	EndGlobalSection
	GlobalSection(ExtensibilityGlobals) = postSolution
		SolutionGuid = {AB735B07-B7F2-4EA6-B46F-ADDD51D66B86}
	EndGlobalSection
EndGlobal
